// !$*UTF8*$!
{
	archiveVersion = 1;
	classes = {
	};
	objectVersion = 50;
	objects = {

/* Begin PBXBuildFile section */
		4DB10CAB24F3A7EA006D9EA7 /* AppDelegate.swift in Sources */ = {isa = PBXBuildFile; fileRef = 4DB10CAA24F3A7EA006D9EA7 /* AppDelegate.swift */; };
		4DB10CAD24F3A7EA006D9EA7 /* SceneDelegate.swift in Sources */ = {isa = PBXBuildFile; fileRef = 4DB10CAC24F3A7EA006D9EA7 /* SceneDelegate.swift */; };
		4DB10CAF24F3A7EA006D9EA7 /* ViewController.swift in Sources */ = {isa = PBXBuildFile; fileRef = 4DB10CAE24F3A7EA006D9EA7 /* ViewController.swift */; };
		4DB10CB224F3A7EA006D9EA7 /* Main.storyboard in Resources */ = {isa = PBXBuildFile; fileRef = 4DB10CB024F3A7EA006D9EA7 /* Main.storyboard */; };
		4DB10CB424F3A7EB006D9EA7 /* Assets.xcassets in Resources */ = {isa = PBXBuildFile; fileRef = 4DB10CB324F3A7EB006D9EA7 /* Assets.xcassets */; };
		4DB10CB724F3A7EB006D9EA7 /* LaunchScreen.storyboard in Resources */ = {isa = PBXBuildFile; fileRef = 4DB10CB524F3A7EB006D9EA7 /* LaunchScreen.storyboard */; };
		4DB10CC224F3A7EB006D9EA7 /* _0_TabTests.swift in Sources */ = {isa = PBXBuildFile; fileRef = 4DB10CC124F3A7EB006D9EA7 /* _0_TabTests.swift */; };
		4DB10CCD24F3A7EB006D9EA7 /* _0_TabUITests.swift in Sources */ = {isa = PBXBuildFile; fileRef = 4DB10CCC24F3A7EB006D9EA7 /* _0_TabUITests.swift */; };
/* End PBXBuildFile section */

/* Begin PBXContainerItemProxy section */
		4DB10CBE24F3A7EB006D9EA7 /* PBXContainerItemProxy */ = {
			isa = PBXContainerItemProxy;
			containerPortal = 4DB10C9F24F3A7EA006D9EA7 /* Project object */;
			proxyType = 1;
			remoteGlobalIDString = 4DB10CA624F3A7EA006D9EA7;
			remoteInfo = 10.Tab;
		};
		4DB10CC924F3A7EB006D9EA7 /* PBXContainerItemProxy */ = {
			isa = PBXContainerItemProxy;
			containerPortal = 4DB10C9F24F3A7EA006D9EA7 /* Project object */;
			proxyType = 1;
			remoteGlobalIDString = 4DB10CA624F3A7EA006D9EA7;
			remoteInfo = 10.Tab;
		};
/* End PBXContainerItemProxy section */

/* Begin PBXFileReference section */
		4DB10CA724F3A7EA006D9EA7 /* 10.Tab.app */ = {isa = PBXFileReference; explicitFileType = wrapper.application; includeInIndex = 0; path = 10.Tab.app; sourceTree = BUILT_PRODUCTS_DIR; };
		4DB10CAA24F3A7EA006D9EA7 /* AppDelegate.swift */ = {isa = PBXFileReference; lastKnownFileType = sourcecode.swift; path = AppDelegate.swift; sourceTree = "<group>"; };
		4DB10CAC24F3A7EA006D9EA7 /* SceneDelegate.swift */ = {isa = PBXFileReference; lastKnownFileType = sourcecode.swift; path = SceneDelegate.swift; sourceTree = "<group>"; };
		4DB10CAE24F3A7EA006D9EA7 /* ViewController.swift */ = {isa = PBXFileReference; lastKnownFileType = sourcecode.swift; path = ViewController.swift; sourceTree = "<group>"; };
		4DB10CB124F3A7EA006D9EA7 /* Base */ = {isa = PBXFileReference; lastKnownFileType = file.storyboard; name = Base; path = Base.lproj/Main.storyboard; sourceTree = "<group>"; };
		4DB10CB324F3A7EB006D9EA7 /* Assets.xcassets */ = {isa = PBXFileReference; lastKnownFileType = folder.assetcatalog; path = Assets.xcassets; sourceTree = "<group>"; };
		4DB10CB624F3A7EB006D9EA7 /* Base */ = {isa = PBXFileReference; lastKnownFileType = file.storyboard; name = Base; path = Base.lproj/LaunchScreen.storyboard; sourceTree = "<group>"; };
		4DB10CB824F3A7EB006D9EA7 /* Info.plist */ = {isa = PBXFileReference; lastKnownFileType = text.plist.xml; path = Info.plist; sourceTree = "<group>"; };
		4DB10CBD24F3A7EB006D9EA7 /* 10.TabTests.xctest */ = {isa = PBXFileReference; explicitFileType = wrapper.cfbundle; includeInIndex = 0; path = 10.TabTests.xctest; sourceTree = BUILT_PRODUCTS_DIR; };
		4DB10CC124F3A7EB006D9EA7 /* _0_TabTests.swift */ = {isa = PBXFileReference; lastKnownFileType = sourcecode.swift; path = _0_TabTests.swift; sourceTree = "<group>"; };
		4DB10CC324F3A7EB006D9EA7 /* Info.plist */ = {isa = PBXFileReference; lastKnownFileType = text.plist.xml; path = Info.plist; sourceTree = "<group>"; };
		4DB10CC824F3A7EB006D9EA7 /* 10.TabUITests.xctest */ = {isa = PBXFileReference; explicitFileType = wrapper.cfbundle; includeInIndex = 0; path = 10.TabUITests.xctest; sourceTree = BUILT_PRODUCTS_DIR; };
		4DB10CCC24F3A7EB006D9EA7 /* _0_TabUITests.swift */ = {isa = PBXFileReference; lastKnownFileType = sourcecode.swift; path = _0_TabUITests.swift; sourceTree = "<group>"; };
		4DB10CCE24F3A7EB006D9EA7 /* Info.plist */ = {isa = PBXFileReference; lastKnownFileType = text.plist.xml; path = Info.plist; sourceTree = "<group>"; };
/* End PBXFileReference section */

/* Begin PBXFrameworksBuildPhase section */
		4DB10CA424F3A7EA006D9EA7 /* Frameworks */ = {
			isa = PBXFrameworksBuildPhase;
			buildActionMask = 2147483647;
			files = (
			);
			runOnlyForDeploymentPostprocessing = 0;
		};
		4DB10CBA24F3A7EB006D9EA7 /* Frameworks */ = {
			isa = PBXFrameworksBuildPhase;
			buildActionMask = 2147483647;
			files = (
			);
			runOnlyForDeploymentPostprocessing = 0;
		};
		4DB10CC524F3A7EB006D9EA7 /* Frameworks */ = {
			isa = PBXFrameworksBuildPhase;
			buildActionMask = 2147483647;
			files = (
			);
			runOnlyForDeploymentPostprocessing = 0;
		};
/* End PBXFrameworksBuildPhase section */

/* Begin PBXGroup section */
		4DB10C9E24F3A7EA006D9EA7 = {
			isa = PBXGroup;
			children = (
				4DB10CA924F3A7EA006D9EA7 /* 10.Tab */,
				4DB10CC024F3A7EB006D9EA7 /* 10.TabTests */,
				4DB10CCB24F3A7EB006D9EA7 /* 10.TabUITests */,
				4DB10CA824F3A7EA006D9EA7 /* Products */,
			);
			sourceTree = "<group>";
		};
		4DB10CA824F3A7EA006D9EA7 /* Products */ = {
			isa = PBXGroup;
			children = (
				4DB10CA724F3A7EA006D9EA7 /* 10.Tab.app */,
				4DB10CBD24F3A7EB006D9EA7 /* 10.TabTests.xctest */,
				4DB10CC824F3A7EB006D9EA7 /* 10.TabUITests.xctest */,
			);
			name = Products;
			sourceTree = "<group>";
		};
		4DB10CA924F3A7EA006D9EA7 /* 10.Tab */ = {
			isa = PBXGroup;
			children = (
				4DB10CAA24F3A7EA006D9EA7 /* AppDelegate.swift */,
				4DB10CAC24F3A7EA006D9EA7 /* SceneDelegate.swift */,
				4DB10CAE24F3A7EA006D9EA7 /* ViewController.swift */,
				4DB10CB024F3A7EA006D9EA7 /* Main.storyboard */,
				4DB10CB324F3A7EB006D9EA7 /* Assets.xcassets */,
				4DB10CB524F3A7EB006D9EA7 /* LaunchScreen.storyboard */,
				4DB10CB824F3A7EB006D9EA7 /* Info.plist */,
			);
			path = 10.Tab;
			sourceTree = "<group>";
		};
		4DB10CC024F3A7EB006D9EA7 /* 10.TabTests */ = {
			isa = PBXGroup;
			children = (
				4DB10CC124F3A7EB006D9EA7 /* _0_TabTests.swift */,
				4DB10CC324F3A7EB006D9EA7 /* Info.plist */,
			);
			path = 10.TabTests;
			sourceTree = "<group>";
		};
		4DB10CCB24F3A7EB006D9EA7 /* 10.TabUITests */ = {
			isa = PBXGroup;
			children = (
				4DB10CCC24F3A7EB006D9EA7 /* _0_TabUITests.swift */,
				4DB10CCE24F3A7EB006D9EA7 /* Info.plist */,
			);
			path = 10.TabUITests;
			sourceTree = "<group>";
		};
/* End PBXGroup section */

/* Begin PBXNativeTarget section */
		4DB10CA624F3A7EA006D9EA7 /* 10.Tab */ = {
			isa = PBXNativeTarget;
			buildConfigurationList = 4DB10CD124F3A7EB006D9EA7 /* Build configuration list for PBXNativeTarget "10.Tab" */;
			buildPhases = (
				4DB10CA324F3A7EA006D9EA7 /* Sources */,
				4DB10CA424F3A7EA006D9EA7 /* Frameworks */,
				4DB10CA524F3A7EA006D9EA7 /* Resources */,
			);
			buildRules = (
			);
			dependencies = (
			);
			name = 10.Tab;
			productName = 10.Tab;
			productReference = 4DB10CA724F3A7EA006D9EA7 /* 10.Tab.app */;
			productType = "com.apple.product-type.application";
		};
		4DB10CBC24F3A7EB006D9EA7 /* 10.TabTests */ = {
			isa = PBXNativeTarget;
			buildConfigurationList = 4DB10CD424F3A7EB006D9EA7 /* Build configuration list for PBXNativeTarget "10.TabTests" */;
			buildPhases = (
				4DB10CB924F3A7EB006D9EA7 /* Sources */,
				4DB10CBA24F3A7EB006D9EA7 /* Frameworks */,
				4DB10CBB24F3A7EB006D9EA7 /* Resources */,
			);
			buildRules = (
			);
			dependencies = (
				4DB10CBF24F3A7EB006D9EA7 /* PBXTargetDependency */,
			);
			name = 10.TabTests;
			productName = 10.TabTests;
			productReference = 4DB10CBD24F3A7EB006D9EA7 /* 10.TabTests.xctest */;
			productType = "com.apple.product-type.bundle.unit-test";
		};
		4DB10CC724F3A7EB006D9EA7 /* 10.TabUITests */ = {
			isa = PBXNativeTarget;
			buildConfigurationList = 4DB10CD724F3A7EB006D9EA7 /* Build configuration list for PBXNativeTarget "10.TabUITests" */;
			buildPhases = (
				4DB10CC424F3A7EB006D9EA7 /* Sources */,
				4DB10CC524F3A7EB006D9EA7 /* Frameworks */,
				4DB10CC624F3A7EB006D9EA7 /* Resources */,
			);
			buildRules = (
			);
			dependencies = (
				4DB10CCA24F3A7EB006D9EA7 /* PBXTargetDependency */,
			);
			name = 10.TabUITests;
			productName = 10.TabUITests;
			productReference = 4DB10CC824F3A7EB006D9EA7 /* 10.TabUITests.xctest */;
			productType = "com.apple.product-type.bundle.ui-testing";
		};
/* End PBXNativeTarget section */

/* Begin PBXProject section */
		4DB10C9F24F3A7EA006D9EA7 /* Project object */ = {
			isa = PBXProject;
			attributes = {
				LastSwiftUpdateCheck = 1160;
				LastUpgradeCheck = 1160;
				ORGANIZATIONNAME = hoax;
				TargetAttributes = {
					4DB10CA624F3A7EA006D9EA7 = {
						CreatedOnToolsVersion = 11.6;
					};
					4DB10CBC24F3A7EB006D9EA7 = {
						CreatedOnToolsVersion = 11.6;
						TestTargetID = 4DB10CA624F3A7EA006D9EA7;
					};
					4DB10CC724F3A7EB006D9EA7 = {
						CreatedOnToolsVersion = 11.6;
						TestTargetID = 4DB10CA624F3A7EA006D9EA7;
					};
				};
			};
			buildConfigurationList = 4DB10CA224F3A7EA006D9EA7 /* Build configuration list for PBXProject "10.Tab" */;
			compatibilityVersion = "Xcode 9.3";
			developmentRegion = en;
			hasScannedForEncodings = 0;
			knownRegions = (
				en,
				Base,
			);
			mainGroup = 4DB10C9E24F3A7EA006D9EA7;
			productRefGroup = 4DB10CA824F3A7EA006D9EA7 /* Products */;
			projectDirPath = "";
			projectRoot = "";
			targets = (
				4DB10CA624F3A7EA006D9EA7 /* 10.Tab */,
				4DB10CBC24F3A7EB006D9EA7 /* 10.TabTests */,
				4DB10CC724F3A7EB006D9EA7 /* 10.TabUITests */,
			);
		};
/* End PBXProject section */

/* Begin PBXResourcesBuildPhase section */
		4DB10CA524F3A7EA006D9EA7 /* Resources */ = {
			isa = PBXResourcesBuildPhase;
			buildActionMask = 2147483647;
			files = (
				4DB10CB724F3A7EB006D9EA7 /* LaunchScreen.storyboard in Resources */,
				4DB10CB424F3A7EB006D9EA7 /* Assets.xcassets in Resources */,
				4DB10CB224F3A7EA006D9EA7 /* Main.storyboard in Resources */,
			);
			runOnlyForDeploymentPostprocessing = 0;
		};
		4DB10CBB24F3A7EB006D9EA7 /* Resources */ = {
			isa = PBXResourcesBuildPhase;
			buildActionMask = 2147483647;
			files = (
			);
			runOnlyForDeploymentPostprocessing = 0;
		};
		4DB10CC624F3A7EB006D9EA7 /* Resources */ = {
			isa = PBXResourcesBuildPhase;
			buildActionMask = 2147483647;
			files = (
			);
			runOnlyForDeploymentPostprocessing = 0;
		};
/* End PBXResourcesBuildPhase section */

/* Begin PBXSourcesBuildPhase section */
		4DB10CA324F3A7EA006D9EA7 /* Sources */ = {
			isa = PBXSourcesBuildPhase;
			buildActionMask = 2147483647;
			files = (
				4DB10CAF24F3A7EA006D9EA7 /* ViewController.swift in Sources */,
				4DB10CAB24F3A7EA006D9EA7 /* AppDelegate.swift in Sources */,
				4DB10CAD24F3A7EA006D9EA7 /* SceneDelegate.swift in Sources */,
			);
			runOnlyForDeploymentPostprocessing = 0;
		};
		4DB10CB924F3A7EB006D9EA7 /* Sources */ = {
			isa = PBXSourcesBuildPhase;
			buildActionMask = 2147483647;
			files = (
				4DB10CC224F3A7EB006D9EA7 /* _0_TabTests.swift in Sources */,
			);
			runOnlyForDeploymentPostprocessing = 0;
		};
		4DB10CC424F3A7EB006D9EA7 /* Sources */ = {
			isa = PBXSourcesBuildPhase;
			buildActionMask = 2147483647;
			files = (
				4DB10CCD24F3A7EB006D9EA7 /* _0_TabUITests.swift in Sources */,
			);
			runOnlyForDeploymentPostprocessing = 0;
		};
/* End PBXSourcesBuildPhase section */

/* Begin PBXTargetDependency section */
		4DB10CBF24F3A7EB006D9EA7 /* PBXTargetDependency */ = {
			isa = PBXTargetDependency;
			target = 4DB10CA624F3A7EA006D9EA7 /* 10.Tab */;
			targetProxy = 4DB10CBE24F3A7EB006D9EA7 /* PBXContainerItemProxy */;
		};
		4DB10CCA24F3A7EB006D9EA7 /* PBXTargetDependency */ = {
			isa = PBXTargetDependency;
			target = 4DB10CA624F3A7EA006D9EA7 /* 10.Tab */;
			targetProxy = 4DB10CC924F3A7EB006D9EA7 /* PBXContainerItemProxy */;
		};
/* End PBXTargetDependency section */

/* Begin PBXVariantGroup section */
		4DB10CB024F3A7EA006D9EA7 /* Main.storyboard */ = {
			isa = PBXVariantGroup;
			children = (
				4DB10CB124F3A7EA006D9EA7 /* Base */,
			);
			name = Main.storyboard;
			sourceTree = "<group>";
		};
		4DB10CB524F3A7EB006D9EA7 /* LaunchScreen.storyboard */ = {
			isa = PBXVariantGroup;
			children = (
				4DB10CB624F3A7EB006D9EA7 /* Base */,
			);
			name = LaunchScreen.storyboard;
			sourceTree = "<group>";
		};
/* End PBXVariantGroup section */

/* Begin XCBuildConfiguration section */
		4DB10CCF24F3A7EB006D9EA7 /* Debug */ = {
			isa = XCBuildConfiguration;
			buildSettings = {
				ALWAYS_SEARCH_USER_PATHS = NO;
				CLANG_ANALYZER_NONNULL = YES;
				CLANG_ANALYZER_NUMBER_OBJECT_CONVERSION = YES_AGGRESSIVE;
				CLANG_CXX_LANGUAGE_STANDARD = "gnu++14";
				CLANG_CXX_LIBRARY = "libc++";
				CLANG_ENABLE_MODULES = YES;
				CLANG_ENABLE_OBJC_ARC = YES;
				CLANG_ENABLE_OBJC_WEAK = YES;
				CLANG_WARN_BLOCK_CAPTURE_AUTORELEASING = YES;
				CLANG_WARN_BOOL_CONVERSION = YES;
				CLANG_WARN_COMMA = YES;
				CLANG_WARN_CONSTANT_CONVERSION = YES;
				CLANG_WARN_DEPRECATED_OBJC_IMPLEMENTATIONS = YES;
				CLANG_WARN_DIRECT_OBJC_ISA_USAGE = YES_ERROR;
				CLANG_WARN_DOCUMENTATION_COMMENTS = YES;
				CLANG_WARN_EMPTY_BODY = YES;
				CLANG_WARN_ENUM_CONVERSION = YES;
				CLANG_WARN_INFINITE_RECURSION = YES;
				CLANG_WARN_INT_CONVERSION = YES;
				CLANG_WARN_NON_LITERAL_NULL_CONVERSION = YES;
				CLANG_WARN_OBJC_IMPLICIT_RETAIN_SELF = YES;
				CLANG_WARN_OBJC_LITERAL_CONVERSION = YES;
				CLANG_WARN_OBJC_ROOT_CLASS = YES_ERROR;
				CLANG_WARN_RANGE_LOOP_ANALYSIS = YES;
				CLANG_WARN_STRICT_PROTOTYPES = YES;
				CLANG_WARN_SUSPICIOUS_MOVE = YES;
				CLANG_WARN_UNGUARDED_AVAILABILITY = YES_AGGRESSIVE;
				CLANG_WARN_UNREACHABLE_CODE = YES;
				CLANG_WARN__DUPLICATE_METHOD_MATCH = YES;
				COPY_PHASE_STRIP = NO;
				DEBUG_INFORMATION_FORMAT = dwarf;
				ENABLE_STRICT_OBJC_MSGSEND = YES;
				ENABLE_TESTABILITY = YES;
				GCC_C_LANGUAGE_STANDARD = gnu11;
				GCC_DYNAMIC_NO_PIC = NO;
				GCC_NO_COMMON_BLOCKS = YES;
				GCC_OPTIMIZATION_LEVEL = 0;
				GCC_PREPROCESSOR_DEFINITIONS = (
					"DEBUG=1",
					"$(inherited)",
				);
				GCC_WARN_64_TO_32_BIT_CONVERSION = YES;
				GCC_WARN_ABOUT_RETURN_TYPE = YES_ERROR;
				GCC_WARN_UNDECLARED_SELECTOR = YES;
				GCC_WARN_UNINITIALIZED_AUTOS = YES_AGGRESSIVE;
				GCC_WARN_UNUSED_FUNCTION = YES;
				GCC_WARN_UNUSED_VARIABLE = YES;
				IPHONEOS_DEPLOYMENT_TARGET = 13.6;
				MTL_ENABLE_DEBUG_INFO = INCLUDE_SOURCE;
				MTL_FAST_MATH = YES;
				ONLY_ACTIVE_ARCH = YES;
				SDKROOT = iphoneos;
				SWIFT_ACTIVE_COMPILATION_CONDITIONS = DEBUG;
				SWIFT_OPTIMIZATION_LEVEL = "-Onone";
			};
			name = Debug;
		};
		4DB10CD024F3A7EB006D9EA7 /* Release */ = {
			isa = XCBuildConfiguration;
			buildSettings = {
				ALWAYS_SEARCH_USER_PATHS = NO;
				CLANG_ANALYZER_NONNULL = YES;
				CLANG_ANALYZER_NUMBER_OBJECT_CONVERSION = YES_AGGRESSIVE;
				CLANG_CXX_LANGUAGE_STANDARD = "gnu++14";
				CLANG_CXX_LIBRARY = "libc++";
				CLANG_ENABLE_MODULES = YES;
				CLANG_ENABLE_OBJC_ARC = YES;
				CLANG_ENABLE_OBJC_WEAK = YES;
				CLANG_WARN_BLOCK_CAPTURE_AUTORELEASING = YES;
				CLANG_WARN_BOOL_CONVERSION = YES;
				CLANG_WARN_COMMA = YES;
				CLANG_WARN_CONSTANT_CONVERSION = YES;
				CLANG_WARN_DEPRECATED_OBJC_IMPLEMENTATIONS = YES;
				CLANG_WARN_DIRECT_OBJC_ISA_USAGE = YES_ERROR;
				CLANG_WARN_DOCUMENTATION_COMMENTS = YES;
				CLANG_WARN_EMPTY_BODY = YES;
				CLANG_WARN_ENUM_CONVERSION = YES;
				CLANG_WARN_INFINITE_RECURSION = YES;
				CLANG_WARN_INT_CONVERSION = YES;
				CLANG_WARN_NON_LITERAL_NULL_CONVERSION = YES;
				CLANG_WARN_OBJC_IMPLICIT_RETAIN_SELF = YES;
				CLANG_WARN_OBJC_LITERAL_CONVERSION = YES;
				CLANG_WARN_OBJC_ROOT_CLASS = YES_ERROR;
				CLANG_WARN_RANGE_LOOP_ANALYSIS = YES;
				CLANG_WARN_STRICT_PROTOTYPES = YES;
				CLANG_WARN_SUSPICIOUS_MOVE = YES;
				CLANG_WARN_UNGUARDED_AVAILABILITY = YES_AGGRESSIVE;
				CLANG_WARN_UNREACHABLE_CODE = YES;
				CLANG_WARN__DUPLICATE_METHOD_MATCH = YES;
				COPY_PHASE_STRIP = NO;
				DEBUG_INFORMATION_FORMAT = "dwarf-with-dsym";
				ENABLE_NS_ASSERTIONS = NO;
				ENABLE_STRICT_OBJC_MSGSEND = YES;
				GCC_C_LANGUAGE_STANDARD = gnu11;
				GCC_NO_COMMON_BLOCKS = YES;
				GCC_WARN_64_TO_32_BIT_CONVERSION = YES;
				GCC_WARN_ABOUT_RETURN_TYPE = YES_ERROR;
				GCC_WARN_UNDECLARED_SELECTOR = YES;
				GCC_WARN_UNINITIALIZED_AUTOS = YES_AGGRESSIVE;
				GCC_WARN_UNUSED_FUNCTION = YES;
				GCC_WARN_UNUSED_VARIABLE = YES;
				IPHONEOS_DEPLOYMENT_TARGET = 13.6;
				MTL_ENABLE_DEBUG_INFO = NO;
				MTL_FAST_MATH = YES;
				SDKROOT = iphoneos;
				SWIFT_COMPILATION_MODE = wholemodule;
				SWIFT_OPTIMIZATION_LEVEL = "-O";
				VALIDATE_PRODUCT = YES;
			};
			name = Release;
		};
		4DB10CD224F3A7EB006D9EA7 /* Debug */ = {
			isa = XCBuildConfiguration;
			buildSettings = {
				ASSETCATALOG_COMPILER_APPICON_NAME = AppIcon;
				CODE_SIGN_STYLE = Automatic;
				DEVELOPMENT_TEAM = K668JSH8SQ;
				INFOPLIST_FILE = 10.Tab/Info.plist;
				LD_RUNPATH_SEARCH_PATHS = (
					"$(inherited)",
					"@executable_path/Frameworks",
				);
				PRODUCT_BUNDLE_IDENTIFIER = "github.io.hoax142.-0-Tab";
				PRODUCT_NAME = "$(TARGET_NAME)";
				SWIFT_VERSION = 5.0;
				TARGETED_DEVICE_FAMILY = "1,2";
			};
			name = Debug;
		};
		4DB10CD324F3A7EB006D9EA7 /* Release */ = {
			isa = XCBuildConfiguration;
			buildSettings = {
				ASSETCATALOG_COMPILER_APPICON_NAME = AppIcon;
				CODE_SIGN_STYLE = Automatic;
				DEVELOPMENT_TEAM = K668JSH8SQ;
				INFOPLIST_FILE = 10.Tab/Info.plist;
				LD_RUNPATH_SEARCH_PATHS = (
					"$(inherited)",
					"@executable_path/Frameworks",
				);
				PRODUCT_BUNDLE_IDENTIFIER = "github.io.hoax142.-0-Tab";
				PRODUCT_NAME = "$(TARGET_NAME)";
				SWIFT_VERSION = 5.0;
				TARGETED_DEVICE_FAMILY = "1,2";
			};
			name = Release;
		};
		4DB10CD524F3A7EB006D9EA7 /* Debug */ = {
			isa = XCBuildConfiguration;
			buildSettings = {
				ALWAYS_EMBED_SWIFT_STANDARD_LIBRARIES = YES;
				BUNDLE_LOADER = "$(TEST_HOST)";
				CODE_SIGN_STYLE = Automatic;
				DEVELOPMENT_TEAM = K668JSH8SQ;
				INFOPLIST_FILE = 10.TabTests/Info.plist;
				IPHONEOS_DEPLOYMENT_TARGET = 13.6;
				LD_RUNPATH_SEARCH_PATHS = (
					"$(inherited)",
					"@executable_path/Frameworks",
					"@loader_path/Frameworks",
				);
				PRODUCT_BUNDLE_IDENTIFIER = "github.io.hoax142.-0-TabTests";
				PRODUCT_NAME = "$(TARGET_NAME)";
				SWIFT_VERSION = 5.0;
				TARGETED_DEVICE_FAMILY = "1,2";
				TEST_HOST = "$(BUILT_PRODUCTS_DIR)/10.Tab.app/10.Tab";
			};
			name = Debug;
		};
		4DB10CD624F3A7EB006D9EA7 /* Release */ = {
			isa = XCBuildConfiguration;
			buildSettings = {
				ALWAYS_EMBED_SWIFT_STANDARD_LIBRARIES = YES;
				BUNDLE_LOADER = "$(TEST_HOST)";
				CODE_SIGN_STYLE = Automatic;
				DEVELOPMENT_TEAM = K668JSH8SQ;
				INFOPLIST_FILE = 10.TabTests/Info.plist;
				IPHONEOS_DEPLOYMENT_TARGET = 13.6;
				LD_RUNPATH_SEARCH_PATHS = (
					"$(inherited)",
					"@executable_path/Frameworks",
					"@loader_path/Frameworks",
				);
				PRODUCT_BUNDLE_IDENTIFIER = "github.io.hoax142.-0-TabTests";
				PRODUCT_NAME = "$(TARGET_NAME)";
				SWIFT_VERSION = 5.0;
				TARGETED_DEVICE_FAMILY = "1,2";
				TEST_HOST = "$(BUILT_PRODUCTS_DIR)/10.Tab.app/10.Tab";
			};
			name = Release;
		};
		4DB10CD824F3A7EB006D9EA7 /* Debug */ = {
			isa = XCBuildConfiguration;
			buildSettings = {
				ALWAYS_EMBED_SWIFT_STANDARD_LIBRARIES = YES;
				CODE_SIGN_STYLE = Automatic;
				DEVELOPMENT_TEAM = K668JSH8SQ;
				INFOPLIST_FILE = 10.TabUITests/Info.plist;
				LD_RUNPATH_SEARCH_PATHS = (
					"$(inherited)",
					"@executable_path/Frameworks",
					"@loader_path/Frameworks",
				);
				PRODUCT_BUNDLE_IDENTIFIER = "github.io.hoax142.-0-TabUITests";
				PRODUCT_NAME = "$(TARGET_NAME)";
				SWIFT_VERSION = 5.0;
				TARGETED_DEVICE_FAMILY = "1,2";
				TEST_TARGET_NAME = 10.Tab;
			};
			name = Debug;
		};
		4DB10CD924F3A7EB006D9EA7 /* Release */ = {
			isa = XCBuildConfiguration;
			buildSettings = {
				ALWAYS_EMBED_SWIFT_STANDARD_LIBRARIES = YES;
				CODE_SIGN_STYLE = Automatic;
				DEVELOPMENT_TEAM = K668JSH8SQ;
				INFOPLIST_FILE = 10.TabUITests/Info.plist;
				LD_RUNPATH_SEARCH_PATHS = (
					"$(inherited)",
					"@executable_path/Frameworks",
					"@loader_path/Frameworks",
				);
				PRODUCT_BUNDLE_IDENTIFIER = "github.io.hoax142.-0-TabUITests";
				PRODUCT_NAME = "$(TARGET_NAME)";
				SWIFT_VERSION = 5.0;
				TARGETED_DEVICE_FAMILY = "1,2";
				TEST_TARGET_NAME = 10.Tab;
			};
			name = Release;
		};
/* End XCBuildConfiguration section */

/* Begin XCConfigurationList section */
		4DB10CA224F3A7EA006D9EA7 /* Build configuration list for PBXProject "10.Tab" */ = {
			isa = XCConfigurationList;
			buildConfigurations = (
				4DB10CCF24F3A7EB006D9EA7 /* Debug */,
				4DB10CD024F3A7EB006D9EA7 /* Release */,
			);
			defaultConfigurationIsVisible = 0;
			defaultConfigurationName = Release;
		};
		4DB10CD124F3A7EB006D9EA7 /* Build configuration list for PBXNativeTarget "10.Tab" */ = {
			isa = XCConfigurationList;
			buildConfigurations = (
				4DB10CD224F3A7EB006D9EA7 /* Debug */,
				4DB10CD324F3A7EB006D9EA7 /* Release */,
			);
			defaultConfigurationIsVisible = 0;
			defaultConfigurationName = Release;
		};
		4DB10CD424F3A7EB006D9EA7 /* Build configuration list for PBXNativeTarget "10.TabTests" */ = {
			isa = XCConfigurationList;
			buildConfigurations = (
				4DB10CD524F3A7EB006D9EA7 /* Debug */,
				4DB10CD624F3A7EB006D9EA7 /* Release */,
			);
			defaultConfigurationIsVisible = 0;
			defaultConfigurationName = Release;
		};
		4DB10CD724F3A7EB006D9EA7 /* Build configuration list for PBXNativeTarget "10.TabUITests" */ = {
			isa = XCConfigurationList;
			buildConfigurations = (
				4DB10CD824F3A7EB006D9EA7 /* Debug */,
				4DB10CD924F3A7EB006D9EA7 /* Release */,
			);
			defaultConfigurationIsVisible = 0;
			defaultConfigurationName = Release;
		};
/* End XCConfigurationList section */
	};
	rootObject = 4DB10C9F24F3A7EA006D9EA7 /* Project object */;
}
